
Microsoft Visual Studio Solution File, Format Version 12.00
# Visual Studio 14
VisualStudioVersion = 14.0.25123.0
MinimumVisualStudioVersion = 10.0.40219.1
Project("{8BC9CEB8-8B4A-11D0-8D11-00A0C91BC942}") = "1.Setup", "1.Setup\1.Setup.vcxproj", "{6222107F-E790-4750-8CA3-B9759817B439}"
EndProject
Project("{8BC9CEB8-8B4A-11D0-8D11-00A0C91BC942}") = "2.Practice-openGL", "2.Practice-openGL\2.Practice-openGL.vcxproj", "{6759937B-8E34-42D3-B336-ABAFB8A83E51}"
EndProject
Project("{8BC9CEB8-8B4A-11D0-8D11-00A0C91BC942}") = "Rambo", "Rambo\Rambo.vcxproj", "{0D1D85D5-6A52-478B-AD58-0168BEAE2C63}"
EndProject
Project("{8BC9CEB8-8B4A-11D0-8D11-00A0C91BC942}") = "3.IntroApplication", "3.IntroApplication\3.IntroApplication.vcxproj", "{012994C8-A355-4F69-ADDA-650075E2E488}"
EndProject
Global
	GlobalSection(SolutionConfigurationPlatforms) = preSolution
		Debug|x64 = Debug|x64
		Debug|x86 = Debug|x86
		Release|x64 = Release|x64
		Release|x86 = Release|x86
	EndGlobalSection
	GlobalSection(ProjectConfigurationPlatforms) = postSolution
		{6222107F-E790-4750-8CA3-B9759817B439}.Debug|x64.ActiveCfg = Debug|x64
		{6222107F-E790-4750-8CA3-B9759817B439}.Debug|x64.Build.0 = Debug|x64
		{6222107F-E790-4750-8CA3-B9759817B439}.Debug|x86.ActiveCfg = Debug|Win32
		{6222107F-E790-4750-8CA3-B9759817B439}.Debug|x86.Build.0 = Debug|Win32
		{6222107F-E790-4750-8CA3-B9759817B439}.Release|x64.ActiveCfg = Release|x64
		{6222107F-E790-4750-8CA3-B9759817B439}.Release|x64.Build.0 = Release|x64
		{6222107F-E790-4750-8CA3-B9759817B439}.Release|x86.ActiveCfg = Release|Win32
		{6222107F-E790-4750-8CA3-B9759817B439}.Release|x86.Build.0 = Release|Win32
		{6759937B-8E34-42D3-B336-ABAFB8A83E51}.Debug|x64.ActiveCfg = Debug|x64
		{6759937B-8E34-42D3-B336-ABAFB8A83E51}.Debug|x64.Build.0 = Debug|x64
		{6759937B-8E34-42D3-B336-ABAFB8A83E51}.Debug|x86.ActiveCfg = Debug|Win32
		{6759937B-8E34-42D3-B336-ABAFB8A83E51}.Debug|x86.Build.0 = Debug|Win32
		{6759937B-8E34-42D3-B336-ABAFB8A83E51}.Release|x64.ActiveCfg = Release|x64
		{6759937B-8E34-42D3-B336-ABAFB8A83E51}.Release|x64.Build.0 = Release|x64
		{6759937B-8E34-42D3-B336-ABAFB8A83E51}.Release|x86.ActiveCfg = Release|Win32
		{6759937B-8E34-42D3-B336-ABAFB8A83E51}.Release|x86.Build.0 = Release|Win32
		{0D1D85D5-6A52-478B-AD58-0168BEAE2C63}.Debug|x64.ActiveCfg = Debug|x64
		{0D1D85D5-6A52-478B-AD58-0168BEAE2C63}.Debug|x64.Build.0 = Debug|x64
		{0D1D85D5-6A52-478B-AD58-0168BEAE2C63}.Debug|x86.ActiveCfg = Debug|Win32
		{0D1D85D5-6A52-478B-AD58-0168BEAE2C63}.Debug|x86.Build.0 = Debug|Win32
		{0D1D85D5-6A52-478B-AD58-0168BEAE2C63}.Release|x64.ActiveCfg = Release|x64
		{0D1D85D5-6A52-478B-AD58-0168BEAE2C63}.Release|x64.Build.0 = Release|x64
		{0D1D85D5-6A52-478B-AD58-0168BEAE2C63}.Release|x86.ActiveCfg = Release|Win32
		{0D1D85D5-6A52-478B-AD58-0168BEAE2C63}.Release|x86.Build.0 = Release|Win32
		{012994C8-A355-4F69-ADDA-650075E2E488}.Debug|x64.ActiveCfg = Debug|x64
		{012994C8-A355-4F69-ADDA-650075E2E488}.Debug|x64.Build.0 = Debug|x64
		{012994C8-A355-4F69-ADDA-650075E2E488}.Debug|x86.ActiveCfg = Debug|Win32
		{012994C8-A355-4F69-ADDA-650075E2E488}.Debug|x86.Build.0 = Debug|Win32
		{012994C8-A355-4F69-ADDA-650075E2E488}.Release|x64.ActiveCfg = Release|x64
		{012994C8-A355-4F69-ADDA-650075E2E488}.Release|x64.Build.0 = Release|x64
		{012994C8-A355-4F69-ADDA-650075E2E488}.Release|x86.ActiveCfg = Release|Win32
		{012994C8-A355-4F69-ADDA-650075E2E488}.Release|x86.Build.0 = Release|Win32
	EndGlobalSection
	GlobalSection(SolutionProperties) = preSolution
		HideSolutionNode = FALSE
	EndGlobalSection
EndGlobal
